
Microsoft Visual Studio Solution File, Format Version 12.00
# Visual Studio Version 17
VisualStudioVersion = 17.2.32630.192
MinimumVisualStudioVersion = 10.0.40219.1
Project("{9A19103F-16F7-4668-BE54-9A1E7A4F7556}") = "DoorProject", "DoorProject.csproj", "{55B87EC3-20DD-43E9-B75A-C650155EBC25}"
EndProject
Project("{9A19103F-16F7-4668-BE54-9A1E7A4F7556}") = "Core", "..\Core\Core.csproj", "{F2BF6341-3356-4668-88C3-E5A0F733167A}"
EndProject
Project("{9A19103F-16F7-4668-BE54-9A1E7A4F7556}") = "Infrastructure", "..\Infrastructure\Infrastructure.csproj", "{74B787EF-7F1C-4265-ADA7-91B7E926D59C}"
EndProject
Project("{FAE04EC0-301F-11D3-BF4B-00C04F79EFBC}") = "Application", "..\Application\Application.csproj", "{A2ECB6C1-5570-4EA5-B21D-3619063E83B2}"
EndProject
Global
	GlobalSection(SolutionConfigurationPlatforms) = preSolution
		Debug|Any CPU = Debug|Any CPU
		Release|Any CPU = Release|Any CPU
	EndGlobalSection
	GlobalSection(ProjectConfigurationPlatforms) = postSolution
		{55B87EC3-20DD-43E9-B75A-C650155EBC25}.Debug|Any CPU.ActiveCfg = Debug|Any CPU
		{55B87EC3-20DD-43E9-B75A-C650155EBC25}.Debug|Any CPU.Build.0 = Debug|Any CPU
		{55B87EC3-20DD-43E9-B75A-C650155EBC25}.Release|Any CPU.ActiveCfg = Release|Any CPU
		{55B87EC3-20DD-43E9-B75A-C650155EBC25}.Release|Any CPU.Build.0 = Release|Any CPU
		{F2BF6341-3356-4668-88C3-E5A0F733167A}.Debug|Any CPU.ActiveCfg = Debug|Any CPU
		{F2BF6341-3356-4668-88C3-E5A0F733167A}.Debug|Any CPU.Build.0 = Debug|Any CPU
		{F2BF6341-3356-4668-88C3-E5A0F733167A}.Release|Any CPU.ActiveCfg = Release|Any CPU
		{F2BF6341-3356-4668-88C3-E5A0F733167A}.Release|Any CPU.Build.0 = Release|Any CPU
		{74B787EF-7F1C-4265-ADA7-91B7E926D59C}.Debug|Any CPU.ActiveCfg = Debug|Any CPU
		{74B787EF-7F1C-4265-ADA7-91B7E926D59C}.Debug|Any CPU.Build.0 = Debug|Any CPU
		{74B787EF-7F1C-4265-ADA7-91B7E926D59C}.Release|Any CPU.ActiveCfg = Release|Any CPU
		{74B787EF-7F1C-4265-ADA7-91B7E926D59C}.Release|Any CPU.Build.0 = Release|Any CPU
		{A2ECB6C1-5570-4EA5-B21D-3619063E83B2}.Debug|Any CPU.ActiveCfg = Debug|Any CPU
		{A2ECB6C1-5570-4EA5-B21D-3619063E83B2}.Debug|Any CPU.Build.0 = Debug|Any CPU
		{A2ECB6C1-5570-4EA5-B21D-3619063E83B2}.Release|Any CPU.ActiveCfg = Release|Any CPU
		{A2ECB6C1-5570-4EA5-B21D-3619063E83B2}.Release|Any CPU.Build.0 = Release|Any CPU
	EndGlobalSection
	GlobalSection(SolutionProperties) = preSolution
		HideSolutionNode = FALSE
	EndGlobalSection
	GlobalSection(ExtensibilityGlobals) = postSolution
		SolutionGuid = {652854F3-0138-4FF9-87F1-E9FE885AD28B}
	EndGlobalSection
EndGlobal
